
Microsoft Visual Studio Solution File, Format Version 12.00
# Visual Studio Version 17
VisualStudioVersion = 17.0.32014.148
MinimumVisualStudioVersion = 10.0.40219.1
Project("{9A19103F-16F7-4668-BE54-9A1E7A4F7556}") = "P1GadgetStore", "P1GadgetStore\P1GadgetStore.csproj", "{6EE03D39-D65C-406D-87AD-C7040EED7420}"
EndProject
Project("{9A19103F-16F7-4668-BE54-9A1E7A4F7556}") = "OsaGadgetStore", "..\GadgetStore\OsaGadgetStore\OsaGadgetStore.csproj", "{DC3CC7CC-41EF-41B2-9B54-0D13C0483A94}"
EndProject
Project("{9A19103F-16F7-4668-BE54-9A1E7A4F7556}") = "OsaGadgetStore.Test", "..\GadgetStore\OsaGadgetStore.Test\OsaGadgetStore.Test.csproj", "{019E5199-4A7E-4EC7-922C-7032580EE2C5}"
EndProject
Global
	GlobalSection(SolutionConfigurationPlatforms) = preSolution
		Debug|Any CPU = Debug|Any CPU
		Release|Any CPU = Release|Any CPU
	EndGlobalSection
	GlobalSection(ProjectConfigurationPlatforms) = postSolution
		{6EE03D39-D65C-406D-87AD-C7040EED7420}.Debug|Any CPU.ActiveCfg = Debug|Any CPU
		{6EE03D39-D65C-406D-87AD-C7040EED7420}.Debug|Any CPU.Build.0 = Debug|Any CPU
		{6EE03D39-D65C-406D-87AD-C7040EED7420}.Release|Any CPU.ActiveCfg = Release|Any CPU
		{6EE03D39-D65C-406D-87AD-C7040EED7420}.Release|Any CPU.Build.0 = Release|Any CPU
		{DC3CC7CC-41EF-41B2-9B54-0D13C0483A94}.Debug|Any CPU.ActiveCfg = Debug|Any CPU
		{DC3CC7CC-41EF-41B2-9B54-0D13C0483A94}.Debug|Any CPU.Build.0 = Debug|Any CPU
		{DC3CC7CC-41EF-41B2-9B54-0D13C0483A94}.Release|Any CPU.ActiveCfg = Release|Any CPU
		{DC3CC7CC-41EF-41B2-9B54-0D13C0483A94}.Release|Any CPU.Build.0 = Release|Any CPU
		{019E5199-4A7E-4EC7-922C-7032580EE2C5}.Debug|Any CPU.ActiveCfg = Debug|Any CPU
		{019E5199-4A7E-4EC7-922C-7032580EE2C5}.Debug|Any CPU.Build.0 = Debug|Any CPU
		{019E5199-4A7E-4EC7-922C-7032580EE2C5}.Release|Any CPU.ActiveCfg = Release|Any CPU
		{019E5199-4A7E-4EC7-922C-7032580EE2C5}.Release|Any CPU.Build.0 = Release|Any CPU
	EndGlobalSection
	GlobalSection(SolutionProperties) = preSolution
		HideSolutionNode = FALSE
	EndGlobalSection
	GlobalSection(ExtensibilityGlobals) = postSolution
		SolutionGuid = {DB941281-C9B7-42AF-8450-A14C2B144C2C}
	EndGlobalSection
EndGlobal
