
Microsoft Visual Studio Solution File, Format Version 12.00
# Visual Studio Version 16
VisualStudioVersion = 25.0.1700.0
MinimumVisualStudioVersion = 10.0.40219.1
Project("{FAE04EC0-301F-11D3-BF4B-00C04F79EFBC}") = "OsaGadgetStore", "OsaGadgetStore\OsaGadgetStore.csproj", "{9325D7EB-F566-465E-B07C-B9189872E6FB}"
EndProject
Project("{FAE04EC0-301F-11D3-BF4B-00C04F79EFBC}") = "OsaGadgetStore.Test", "OsaGadgetStore.Test\OsaGadgetStore.Test.csproj", "{A38FA7EB-2D48-4677-AB25-FE88E14AE7AA}"
EndProject
Global
	GlobalSection(SolutionConfigurationPlatforms) = preSolution
		Debug|Any CPU = Debug|Any CPU
		Release|Any CPU = Release|Any CPU
	EndGlobalSection
	GlobalSection(ProjectConfigurationPlatforms) = postSolution
		{9325D7EB-F566-465E-B07C-B9189872E6FB}.Debug|Any CPU.ActiveCfg = Debug|Any CPU
		{9325D7EB-F566-465E-B07C-B9189872E6FB}.Debug|Any CPU.Build.0 = Debug|Any CPU
		{9325D7EB-F566-465E-B07C-B9189872E6FB}.Release|Any CPU.ActiveCfg = Release|Any CPU
		{9325D7EB-F566-465E-B07C-B9189872E6FB}.Release|Any CPU.Build.0 = Release|Any CPU
		{A38FA7EB-2D48-4677-AB25-FE88E14AE7AA}.Debug|Any CPU.ActiveCfg = Debug|Any CPU
		{A38FA7EB-2D48-4677-AB25-FE88E14AE7AA}.Debug|Any CPU.Build.0 = Debug|Any CPU
		{A38FA7EB-2D48-4677-AB25-FE88E14AE7AA}.Release|Any CPU.ActiveCfg = Release|Any CPU
		{A38FA7EB-2D48-4677-AB25-FE88E14AE7AA}.Release|Any CPU.Build.0 = Release|Any CPU
	EndGlobalSection
	GlobalSection(SolutionProperties) = preSolution
		HideSolutionNode = FALSE
	EndGlobalSection
	GlobalSection(ExtensibilityGlobals) = postSolution
		SolutionGuid = {2E740103-FF40-4F7F-B4FB-485E042DECED}
	EndGlobalSection
EndGlobal
